<?xml version="1.0" encoding="utf-8"?>
<Project ToolsVersion="4.0" xmlns="http://schemas.microsoft.com/developer/msbuild/2003">
  <ItemGroup>
    <Filter Include="Source Files">
      <UniqueIdentifier>{4FC737F1-C7A5-4376-A066-2A32D752A2FF}</UniqueIdentifier>
      <Extensions>cpp;c;cc;cxx;c++;def;odl;idl;hpj;bat;asm;asmx</Extensions>
    </Filter>
    <Filter Include="Header Files">
      <UniqueIdentifier>{93995380-89BD-4b04-88EB-625FBE52EBFB}</UniqueIdentifier>
      <Extensions>h;hh;hpp;hxx;h++;hm;inl;inc;ipp;xsd</Extensions>
    </Filter>
    <Filter Include="Resource Files">
      <UniqueIdentifier>{67DA6AB6-F800-4c08-8B7A-83BB121AAD01}</UniqueIdentifier>
      <Extensions>rc;ico;cur;bmp;dlg;rc2;rct;bin;rgs;gif;jpg;jpeg;jpe;resx;tiff;tif;png;wav;mfcribbon-ms</Extensions>
    </Filter>
  </ItemGroup>
  <ItemGroup>
    <ClCompile Include="Main.cpp">
      <Filter>Source Files</Filter>
    </ClCompile>
    <ClCompile Include="Sources\State\SplashState.cpp">
      <Filter>Source Files</Filter>
    </ClCompile>
    <ClCompile Include="Sources\State\LoadingState.cpp">
      <Filter>Source Files</Filter>
    </ClCompile>
    <ClCompile Include="Sources\State\MenuState.cpp">
      <Filter>Source Files</Filter>
    </ClCompile>
    <ClCompile Include="Sources\State\PausedState.cpp">
      <Filter>Source Files</Filter>
    </ClCompile>
    <ClCompile Include="Sources\State\PlayingState.cpp">
      <Filter>Source Files</Filter>
    </ClCompile>
    <ClCompile Include="Sources\Log.cpp">
      <Filter>Source Files</Filter>
    </ClCompile>
  </ItemGroup>
  <ItemGroup>
    <ClInclude Include="Includes\State\SplashState.h">
      <Filter>Header Files</Filter>
    </ClInclude>
    <ClInclude Include="Includes\State\MenuState.h">
      <Filter>Header Files</Filter>
    </ClInclude>
    <ClInclude Include="Includes\State\PlayingState.h">
      <Filter>Header Files</Filter>
    </ClInclude>
    <ClInclude Include="Includes\State\PausedState.h">
      <Filter>Header Files</Filter>
    </ClInclude>
    <ClInclude Include="Includes\State\State.h">
      <Filter>Header Files</Filter>
    </ClInclude>
    <ClInclude Include="Includes\State\LoadingState.h">
      <Filter>Header Files</Filter>
    </ClInclude>
    <ClInclude Include="Includes\Message\StartGameMessage.h">
      <Filter>Header Files</Filter>
    </ClInclude>
    <ClInclude Include="Includes\Message\PauseGameMessage.h">
      <Filter>Header Files</Filter>
    </ClInclude>
    <ClInclude Include="Includes\Log.h">
      <Filter>Header Files</Filter>
    </ClInclude>
    <ClInclude Include="Includes\Resource\ResourceStore.hpp">
      <Filter>Header Files</Filter>
    </ClInclude>
    <ClInclude Include="Includes\System\RenderSystem.h">
      <Filter>Header Files</Filter>
    </ClInclude>
    <ClInclude Include="Includes\Component\Body.h">
      <Filter>Header Files</Filter>
    </ClInclude>
    <ClInclude Include="Includes\Component\Motion.h">
      <Filter>Header Files</Filter>
    </ClInclude>
    <ClInclude Include="Includes\Component\Transform.h">
      <Filter>Header Files</Filter>
    </ClInclude>
    <ClInclude Include="Includes\Component\Render.h">
      <Filter>Header Files</Filter>
    </ClInclude>
    <ClInclude Include="Includes\System\KinematicSystem.h">
      <Filter>Header Files</Filter>
    </ClInclude>
    <ClInclude Include="Includes\System\DebugSystem.h">
      <Filter>Header Files</Filter>
    </ClInclude>
    <ClInclude Include="Includes\System\CameraSystem.h">
      <Filter>Header Files</Filter>
    </ClInclude>
    <ClInclude Include="Includes\Component\Camera.h">
      <Filter>Header Files</Filter>
    </ClInclude>
    <ClInclude Include="Includes\Message\Explosion.h">
      <Filter>Header Files</Filter>
    </ClInclude>
    <ClInclude Include="Includes\Component\Joystick.h">
      <Filter>Header Files</Filter>
    </ClInclude>
    <ClInclude Include="Includes\System\JoystickSystem.h">
      <Filter>Header Files</Filter>
    </ClInclude>
    <ClInclude Include="Includes\Message\Collision.h">
      <Filter>Header Files</Filter>
    </ClInclude>
    <ClInclude Include="Includes\System\BackgroundSystem.h">
      <Filter>Header Files</Filter>
    </ClInclude>
    <ClInclude Include="Includes\System\WeatherSystem.h">
      <Filter>Header Files</Filter>
    </ClInclude>
    <ClInclude Include="Includes\Resource\Animator.h">
      <Filter>Header Files</Filter>
    </ClInclude>
    <ClInclude Include="Includes\Message\LoadedMessage.h">
      <Filter>Header Files</Filter>
    </ClInclude>
    <ClInclude Include="Includes\Message\LoadingMessage.h">
      <Filter>Header Files</Filter>
    </ClInclude>
    <ClInclude Include="Includes\Message\LoadMessage.h">
      <Filter>Header Files</Filter>
    </ClInclude>
    <ClInclude Include="Includes\Message\Weather.h">
      <Filter>Header Files</Filter>
    </ClInclude>
    <ClInclude Include="Includes\System\CollisionSystem.h">
      <Filter>Header Files</Filter>
    </ClInclude>
    <ClInclude Include="Includes\DQuadTree.hpp">
      <Filter>Header Files</Filter>
    </ClInclude>
  </ItemGroup>
</Project>